
Microsoft Visual Studio Solution File, Format Version 12.00
# Visual Studio Version 16
VisualStudioVersion = 16.0.31313.381
MinimumVisualStudioVersion = 10.0.40219.1
Project("{9A19103F-16F7-4668-BE54-9A1E7A4F7556}") = "eCommerce_UI", "eCommerce_UI\eCommerce_UI.csproj", "{C64AF750-428F-47A3-BEAA-A189FAAD7DAD}"
EndProject
Project("{9A19103F-16F7-4668-BE54-9A1E7A4F7556}") = "eShop.CoreBusiness", "eShop.CoreBusiness\eShop.CoreBusiness.csproj", "{93E77AF9-D8FF-4164-BDB2-6432343EE589}"
EndProject
Project("{9A19103F-16F7-4668-BE54-9A1E7A4F7556}") = "eShop.UseCases", "eShop.UseCases\eShop.UseCases.csproj", "{2AEAB84E-DEF6-419E-ACE0-2E51EB3B0EE9}"
EndProject
Project("{9A19103F-16F7-4668-BE54-9A1E7A4F7556}") = "eShop.DataStore.HardCoded", "eShop.DataStore.HardCoded\eShop.DataStore.HardCoded.csproj", "{2247CF27-05F7-4FCE-90AD-0608B681A640}"
EndProject
Project("{2150E333-8FDC-42A3-9474-1A3956D46DE8}") = "Notes", "Notes", "{0F08546E-FA62-44E9-A85B-7CC5E3F7B75A}"
EndProject
Project("{9A19103F-16F7-4668-BE54-9A1E7A4F7556}") = "31_32_WhenCompRender__CompLifeCycle", "31_32_WhenCompRender__CompLifeCycle\31_32_WhenCompRender__CompLifeCycle.csproj", "{96B2C450-9DC2-457A-8986-943D6196F5CA}"
EndProject
Project("{9A19103F-16F7-4668-BE54-9A1E7A4F7556}") = "36_Dependency Injection", "36_Dependency Injection\36_Dependency Injection.csproj", "{F1CFB3C7-2666-4110-83B5-770A97F7AA03}"
EndProject
Project("{9A19103F-16F7-4668-BE54-9A1E7A4F7556}") = "40_LifeTimeManagement_API", "40_LifeTimeManagement_API\40_LifeTimeManagement_API.csproj", "{B345D60D-0C77-4315-80F8-45753DD63934}"
EndProject
Project("{9A19103F-16F7-4668-BE54-9A1E7A4F7556}") = "40_LifeTimeManagement_BlazorServer", "40_LifeTimeManagement_BlazorServer\40_LifeTimeManagement_BlazorServer.csproj", "{73AEC899-4EE4-40A1-8BF0-7B56723743B7}"
EndProject
Project("{9A19103F-16F7-4668-BE54-9A1E7A4F7556}") = "40_LifeTimeManagement_BlazorClient", "40_LifeTimeManagement_BlazorClient\40_LifeTimeManagement_BlazorClient.csproj", "{A8303FC9-0F66-441A-B04B-435CE3B343E0}"
EndProject
Global
	GlobalSection(SolutionConfigurationPlatforms) = preSolution
		Debug|Any CPU = Debug|Any CPU
		Release|Any CPU = Release|Any CPU
	EndGlobalSection
	GlobalSection(ProjectConfigurationPlatforms) = postSolution
		{C64AF750-428F-47A3-BEAA-A189FAAD7DAD}.Debug|Any CPU.ActiveCfg = Debug|Any CPU
		{C64AF750-428F-47A3-BEAA-A189FAAD7DAD}.Debug|Any CPU.Build.0 = Debug|Any CPU
		{C64AF750-428F-47A3-BEAA-A189FAAD7DAD}.Release|Any CPU.ActiveCfg = Release|Any CPU
		{C64AF750-428F-47A3-BEAA-A189FAAD7DAD}.Release|Any CPU.Build.0 = Release|Any CPU
		{93E77AF9-D8FF-4164-BDB2-6432343EE589}.Debug|Any CPU.ActiveCfg = Debug|Any CPU
		{93E77AF9-D8FF-4164-BDB2-6432343EE589}.Debug|Any CPU.Build.0 = Debug|Any CPU
		{93E77AF9-D8FF-4164-BDB2-6432343EE589}.Release|Any CPU.ActiveCfg = Release|Any CPU
		{93E77AF9-D8FF-4164-BDB2-6432343EE589}.Release|Any CPU.Build.0 = Release|Any CPU
		{2AEAB84E-DEF6-419E-ACE0-2E51EB3B0EE9}.Debug|Any CPU.ActiveCfg = Debug|Any CPU
		{2AEAB84E-DEF6-419E-ACE0-2E51EB3B0EE9}.Debug|Any CPU.Build.0 = Debug|Any CPU
		{2AEAB84E-DEF6-419E-ACE0-2E51EB3B0EE9}.Release|Any CPU.ActiveCfg = Release|Any CPU
		{2AEAB84E-DEF6-419E-ACE0-2E51EB3B0EE9}.Release|Any CPU.Build.0 = Release|Any CPU
		{2247CF27-05F7-4FCE-90AD-0608B681A640}.Debug|Any CPU.ActiveCfg = Debug|Any CPU
		{2247CF27-05F7-4FCE-90AD-0608B681A640}.Debug|Any CPU.Build.0 = Debug|Any CPU
		{2247CF27-05F7-4FCE-90AD-0608B681A640}.Release|Any CPU.ActiveCfg = Release|Any CPU
		{2247CF27-05F7-4FCE-90AD-0608B681A640}.Release|Any CPU.Build.0 = Release|Any CPU
		{96B2C450-9DC2-457A-8986-943D6196F5CA}.Debug|Any CPU.ActiveCfg = Debug|Any CPU
		{96B2C450-9DC2-457A-8986-943D6196F5CA}.Debug|Any CPU.Build.0 = Debug|Any CPU
		{96B2C450-9DC2-457A-8986-943D6196F5CA}.Release|Any CPU.ActiveCfg = Release|Any CPU
		{96B2C450-9DC2-457A-8986-943D6196F5CA}.Release|Any CPU.Build.0 = Release|Any CPU
		{F1CFB3C7-2666-4110-83B5-770A97F7AA03}.Debug|Any CPU.ActiveCfg = Debug|Any CPU
		{F1CFB3C7-2666-4110-83B5-770A97F7AA03}.Debug|Any CPU.Build.0 = Debug|Any CPU
		{F1CFB3C7-2666-4110-83B5-770A97F7AA03}.Release|Any CPU.ActiveCfg = Release|Any CPU
		{F1CFB3C7-2666-4110-83B5-770A97F7AA03}.Release|Any CPU.Build.0 = Release|Any CPU
		{B345D60D-0C77-4315-80F8-45753DD63934}.Debug|Any CPU.ActiveCfg = Debug|Any CPU
		{B345D60D-0C77-4315-80F8-45753DD63934}.Debug|Any CPU.Build.0 = Debug|Any CPU
		{B345D60D-0C77-4315-80F8-45753DD63934}.Release|Any CPU.ActiveCfg = Release|Any CPU
		{B345D60D-0C77-4315-80F8-45753DD63934}.Release|Any CPU.Build.0 = Release|Any CPU
		{73AEC899-4EE4-40A1-8BF0-7B56723743B7}.Debug|Any CPU.ActiveCfg = Debug|Any CPU
		{73AEC899-4EE4-40A1-8BF0-7B56723743B7}.Debug|Any CPU.Build.0 = Debug|Any CPU
		{73AEC899-4EE4-40A1-8BF0-7B56723743B7}.Release|Any CPU.ActiveCfg = Release|Any CPU
		{73AEC899-4EE4-40A1-8BF0-7B56723743B7}.Release|Any CPU.Build.0 = Release|Any CPU
		{A8303FC9-0F66-441A-B04B-435CE3B343E0}.Debug|Any CPU.ActiveCfg = Debug|Any CPU
		{A8303FC9-0F66-441A-B04B-435CE3B343E0}.Debug|Any CPU.Build.0 = Debug|Any CPU
		{A8303FC9-0F66-441A-B04B-435CE3B343E0}.Release|Any CPU.ActiveCfg = Release|Any CPU
		{A8303FC9-0F66-441A-B04B-435CE3B343E0}.Release|Any CPU.Build.0 = Release|Any CPU
	EndGlobalSection
	GlobalSection(SolutionProperties) = preSolution
		HideSolutionNode = FALSE
	EndGlobalSection
	GlobalSection(NestedProjects) = preSolution
		{96B2C450-9DC2-457A-8986-943D6196F5CA} = {0F08546E-FA62-44E9-A85B-7CC5E3F7B75A}
		{F1CFB3C7-2666-4110-83B5-770A97F7AA03} = {0F08546E-FA62-44E9-A85B-7CC5E3F7B75A}
		{B345D60D-0C77-4315-80F8-45753DD63934} = {0F08546E-FA62-44E9-A85B-7CC5E3F7B75A}
		{73AEC899-4EE4-40A1-8BF0-7B56723743B7} = {0F08546E-FA62-44E9-A85B-7CC5E3F7B75A}
		{A8303FC9-0F66-441A-B04B-435CE3B343E0} = {0F08546E-FA62-44E9-A85B-7CC5E3F7B75A}
	EndGlobalSection
	GlobalSection(ExtensibilityGlobals) = postSolution
		SolutionGuid = {967206CF-F734-41BA-B06F-2BF62BEF5FD1}
	EndGlobalSection
EndGlobal
